
Microsoft Visual Studio Solution File, Format Version 12.00
# Visual Studio Version 17
VisualStudioVersion = 17.3.32819.101
MinimumVisualStudioVersion = 10.0.40219.1
Project("{9A19103F-16F7-4668-BE54-9A1E7A4F7556}") = "CartService", "CartService\CartService.csproj", "{5A390416-DCA8-42DE-B047-44965983E82E}"
EndProject
Project("{9A19103F-16F7-4668-BE54-9A1E7A4F7556}") = "DeliveryService", "DeliveryService\DeliveryService.csproj", "{E879C8FB-0550-436C-906D-92F519B00442}"
EndProject
Project("{9A19103F-16F7-4668-BE54-9A1E7A4F7556}") = "FeedbackService", "FeedbackService\FeedbackService.csproj", "{8BBD2665-A46E-485B-B274-8F1DABC07C6F}"
EndProject
Project("{9A19103F-16F7-4668-BE54-9A1E7A4F7556}") = "HistoryService", "HistoryService\HistoryService.csproj", "{BB1B342F-49C2-45B7-B4D2-8612432F7F2C}"
EndProject
Project("{9A19103F-16F7-4668-BE54-9A1E7A4F7556}") = "PaymentService", "PaymentService\PaymentService.csproj", "{2FDD577B-82FD-422A-BAC3-CED77AF88EFB}"
EndProject
Project("{2150E333-8FDC-42A3-9474-1A3956D46DE8}") = "Contracts", "Contracts", "{F652F2A3-2AAC-43FC-B10F-550045D9BAC0}"
EndProject
Project("{9A19103F-16F7-4668-BE54-9A1E7A4F7556}") = "Api", "Api\Api.csproj", "{488302CA-FE9B-4179-8651-6B59A33869E6}"
EndProject
Project("{9A19103F-16F7-4668-BE54-9A1E7A4F7556}") = "OrkestratorService", "OrkestratorService\OrkestratorService.csproj", "{8A0FB89D-0A14-4906-92DC-7BC696B157A7}"
EndProject
Project("{9A19103F-16F7-4668-BE54-9A1E7A4F7556}") = "Contracts", "Contracts\Contracts.csproj", "{C861616A-2E2A-46AA-A352-75CDA8D69CC3}"
EndProject
Global
	GlobalSection(SolutionConfigurationPlatforms) = preSolution
		Debug|Any CPU = Debug|Any CPU
		Release|Any CPU = Release|Any CPU
	EndGlobalSection
	GlobalSection(ProjectConfigurationPlatforms) = postSolution
		{5A390416-DCA8-42DE-B047-44965983E82E}.Debug|Any CPU.ActiveCfg = Debug|Any CPU
		{5A390416-DCA8-42DE-B047-44965983E82E}.Debug|Any CPU.Build.0 = Debug|Any CPU
		{5A390416-DCA8-42DE-B047-44965983E82E}.Release|Any CPU.ActiveCfg = Release|Any CPU
		{5A390416-DCA8-42DE-B047-44965983E82E}.Release|Any CPU.Build.0 = Release|Any CPU
		{E879C8FB-0550-436C-906D-92F519B00442}.Debug|Any CPU.ActiveCfg = Debug|Any CPU
		{E879C8FB-0550-436C-906D-92F519B00442}.Debug|Any CPU.Build.0 = Debug|Any CPU
		{E879C8FB-0550-436C-906D-92F519B00442}.Release|Any CPU.ActiveCfg = Release|Any CPU
		{E879C8FB-0550-436C-906D-92F519B00442}.Release|Any CPU.Build.0 = Release|Any CPU
		{8BBD2665-A46E-485B-B274-8F1DABC07C6F}.Debug|Any CPU.ActiveCfg = Debug|Any CPU
		{8BBD2665-A46E-485B-B274-8F1DABC07C6F}.Debug|Any CPU.Build.0 = Debug|Any CPU
		{8BBD2665-A46E-485B-B274-8F1DABC07C6F}.Release|Any CPU.ActiveCfg = Release|Any CPU
		{8BBD2665-A46E-485B-B274-8F1DABC07C6F}.Release|Any CPU.Build.0 = Release|Any CPU
		{BB1B342F-49C2-45B7-B4D2-8612432F7F2C}.Debug|Any CPU.ActiveCfg = Debug|Any CPU
		{BB1B342F-49C2-45B7-B4D2-8612432F7F2C}.Debug|Any CPU.Build.0 = Debug|Any CPU
		{BB1B342F-49C2-45B7-B4D2-8612432F7F2C}.Release|Any CPU.ActiveCfg = Release|Any CPU
		{BB1B342F-49C2-45B7-B4D2-8612432F7F2C}.Release|Any CPU.Build.0 = Release|Any CPU
		{2FDD577B-82FD-422A-BAC3-CED77AF88EFB}.Debug|Any CPU.ActiveCfg = Debug|Any CPU
		{2FDD577B-82FD-422A-BAC3-CED77AF88EFB}.Debug|Any CPU.Build.0 = Debug|Any CPU
		{2FDD577B-82FD-422A-BAC3-CED77AF88EFB}.Release|Any CPU.ActiveCfg = Release|Any CPU
		{2FDD577B-82FD-422A-BAC3-CED77AF88EFB}.Release|Any CPU.Build.0 = Release|Any CPU
		{488302CA-FE9B-4179-8651-6B59A33869E6}.Debug|Any CPU.ActiveCfg = Debug|Any CPU
		{488302CA-FE9B-4179-8651-6B59A33869E6}.Debug|Any CPU.Build.0 = Debug|Any CPU
		{488302CA-FE9B-4179-8651-6B59A33869E6}.Release|Any CPU.ActiveCfg = Release|Any CPU
		{488302CA-FE9B-4179-8651-6B59A33869E6}.Release|Any CPU.Build.0 = Release|Any CPU
		{8A0FB89D-0A14-4906-92DC-7BC696B157A7}.Debug|Any CPU.ActiveCfg = Debug|Any CPU
		{8A0FB89D-0A14-4906-92DC-7BC696B157A7}.Debug|Any CPU.Build.0 = Debug|Any CPU
		{8A0FB89D-0A14-4906-92DC-7BC696B157A7}.Release|Any CPU.ActiveCfg = Release|Any CPU
		{8A0FB89D-0A14-4906-92DC-7BC696B157A7}.Release|Any CPU.Build.0 = Release|Any CPU
		{C861616A-2E2A-46AA-A352-75CDA8D69CC3}.Debug|Any CPU.ActiveCfg = Debug|Any CPU
		{C861616A-2E2A-46AA-A352-75CDA8D69CC3}.Debug|Any CPU.Build.0 = Debug|Any CPU
		{C861616A-2E2A-46AA-A352-75CDA8D69CC3}.Release|Any CPU.ActiveCfg = Release|Any CPU
		{C861616A-2E2A-46AA-A352-75CDA8D69CC3}.Release|Any CPU.Build.0 = Release|Any CPU
	EndGlobalSection
	GlobalSection(SolutionProperties) = preSolution
		HideSolutionNode = FALSE
	EndGlobalSection
	GlobalSection(NestedProjects) = preSolution
		{C861616A-2E2A-46AA-A352-75CDA8D69CC3} = {F652F2A3-2AAC-43FC-B10F-550045D9BAC0}
	EndGlobalSection
	GlobalSection(ExtensibilityGlobals) = postSolution
		SolutionGuid = {CDC81DD2-E345-4853-9556-C83486E52509}
	EndGlobalSection
EndGlobal
